// !$*UTF8*$!
{
	archiveVersion = 1;
	classes = {
	};
	objectVersion = 46;
	objects = {

/* Begin PBXBuildFile section */
		D0E5B6B119EE1347007DAF51 /* AppDelegate.swift in Sources */ = {isa = PBXBuildFile; fileRef = D0E5B6B019EE1347007DAF51 /* AppDelegate.swift */; };
		D0E5B6B319EE1347007DAF51 /* ViewController.swift in Sources */ = {isa = PBXBuildFile; fileRef = D0E5B6B219EE1347007DAF51 /* ViewController.swift */; };
		D0E5B6B619EE1347007DAF51 /* Main.storyboard in Resources */ = {isa = PBXBuildFile; fileRef = D0E5B6B419EE1347007DAF51 /* Main.storyboard */; };
		D0E5B6B819EE1347007DAF51 /* Images.xcassets in Resources */ = {isa = PBXBuildFile; fileRef = D0E5B6B719EE1347007DAF51 /* Images.xcassets */; };
		D0E5B6BB19EE1347007DAF51 /* LaunchScreen.xib in Resources */ = {isa = PBXBuildFile; fileRef = D0E5B6B919EE1347007DAF51 /* LaunchScreen.xib */; };
		D0E5B6C719EE1347007DAF51 /* testSwiftPushNotificationTests.swift in Sources */ = {isa = PBXBuildFile; fileRef = D0E5B6C619EE1347007DAF51 /* testSwiftPushNotificationTests.swift */; };
/* End PBXBuildFile section */

/* Begin PBXContainerItemProxy section */
		D0E5B6C119EE1347007DAF51 /* PBXContainerItemProxy */ = {
			isa = PBXContainerItemProxy;
			containerPortal = D0E5B6A319EE1347007DAF51 /* Project object */;
			proxyType = 1;
			remoteGlobalIDString = D0E5B6AA19EE1347007DAF51;
			remoteInfo = testSwiftPushNotification;
		};
/* End PBXContainerItemProxy section */

/* Begin PBXFileReference section */
		D0E5B6AB19EE1347007DAF51 /* testSwiftPushNotification.app */ = {isa = PBXFileReference; explicitFileType = wrapper.application; includeInIndex = 0; path = testSwiftPushNotification.app; sourceTree = BUILT_PRODUCTS_DIR; };
		D0E5B6AF19EE1347007DAF51 /* Info.plist */ = {isa = PBXFileReference; lastKnownFileType = text.plist.xml; path = Info.plist; sourceTree = "<group>"; };
		D0E5B6B019EE1347007DAF51 /* AppDelegate.swift */ = {isa = PBXFileReference; lastKnownFileType = sourcecode.swift; path = AppDelegate.swift; sourceTree = "<group>"; };
		D0E5B6B219EE1347007DAF51 /* ViewController.swift */ = {isa = PBXFileReference; lastKnownFileType = sourcecode.swift; path = ViewController.swift; sourceTree = "<group>"; };
		D0E5B6B519EE1347007DAF51 /* Base */ = {isa = PBXFileReference; lastKnownFileType = file.storyboard; name = Base; path = Base.lproj/Main.storyboard; sourceTree = "<group>"; };
		D0E5B6B719EE1347007DAF51 /* Images.xcassets */ = {isa = PBXFileReference; lastKnownFileType = folder.assetcatalog; path = Images.xcassets; sourceTree = "<group>"; };
		D0E5B6BA19EE1347007DAF51 /* Base */ = {isa = PBXFileReference; lastKnownFileType = file.xib; name = Base; path = Base.lproj/LaunchScreen.xib; sourceTree = "<group>"; };
		D0E5B6C019EE1347007DAF51 /* testSwiftPushNotificationTests.xctest */ = {isa = PBXFileReference; explicitFileType = wrapper.cfbundle; includeInIndex = 0; path = testSwiftPushNotificationTests.xctest; sourceTree = BUILT_PRODUCTS_DIR; };
		D0E5B6C519EE1347007DAF51 /* Info.plist */ = {isa = PBXFileReference; lastKnownFileType = text.plist.xml; path = Info.plist; sourceTree = "<group>"; };
		D0E5B6C619EE1347007DAF51 /* testSwiftPushNotificationTests.swift */ = {isa = PBXFileReference; lastKnownFileType = sourcecode.swift; path = testSwiftPushNotificationTests.swift; sourceTree = "<group>"; };
/* End PBXFileReference section */

/* Begin PBXFrameworksBuildPhase section */
		D0E5B6A819EE1347007DAF51 /* Frameworks */ = {
			isa = PBXFrameworksBuildPhase;
			buildActionMask = 2147483647;
			files = (
			);
			runOnlyForDeploymentPostprocessing = 0;
		};
		D0E5B6BD19EE1347007DAF51 /* Frameworks */ = {
			isa = PBXFrameworksBuildPhase;
			buildActionMask = 2147483647;
			files = (
			);
			runOnlyForDeploymentPostprocessing = 0;
		};
/* End PBXFrameworksBuildPhase section */

/* Begin PBXGroup section */
		D0E5B6A219EE1347007DAF51 = {
			isa = PBXGroup;
			children = (
				D0E5B6AD19EE1347007DAF51 /* testSwiftPushNotification */,
				D0E5B6C319EE1347007DAF51 /* testSwiftPushNotificationTests */,
				D0E5B6AC19EE1347007DAF51 /* Products */,
			);
			sourceTree = "<group>";
		};
		D0E5B6AC19EE1347007DAF51 /* Products */ = {
			isa = PBXGroup;
			children = (
				D0E5B6AB19EE1347007DAF51 /* testSwiftPushNotification.app */,
				D0E5B6C019EE1347007DAF51 /* testSwiftPushNotificationTests.xctest */,
			);
			name = Products;
			sourceTree = "<group>";
		};
		D0E5B6AD19EE1347007DAF51 /* testSwiftPushNotification */ = {
			isa = PBXGroup;
			children = (
				D0E5B6B019EE1347007DAF51 /* AppDelegate.swift */,
				D0E5B6B219EE1347007DAF51 /* ViewController.swift */,
				D0E5B6B419EE1347007DAF51 /* Main.storyboard */,
				D0E5B6B719EE1347007DAF51 /* Images.xcassets */,
				D0E5B6B919EE1347007DAF51 /* LaunchScreen.xib */,
				D0E5B6AE19EE1347007DAF51 /* Supporting Files */,
			);
			path = testSwiftPushNotification;
			sourceTree = "<group>";
		};
		D0E5B6AE19EE1347007DAF51 /* Supporting Files */ = {
			isa = PBXGroup;
			children = (
				D0E5B6AF19EE1347007DAF51 /* Info.plist */,
			);
			name = "Supporting Files";
			sourceTree = "<group>";
		};
		D0E5B6C319EE1347007DAF51 /* testSwiftPushNotificationTests */ = {
			isa = PBXGroup;
			children = (
				D0E5B6C619EE1347007DAF51 /* testSwiftPushNotificationTests.swift */,
				D0E5B6C419EE1347007DAF51 /* Supporting Files */,
			);
			path = testSwiftPushNotificationTests;
			sourceTree = "<group>";
		};
		D0E5B6C419EE1347007DAF51 /* Supporting Files */ = {
			isa = PBXGroup;
			children = (
				D0E5B6C519EE1347007DAF51 /* Info.plist */,
			);
			name = "Supporting Files";
			sourceTree = "<group>";
		};
/* End PBXGroup section */

/* Begin PBXNativeTarget section */
		D0E5B6AA19EE1347007DAF51 /* testSwiftPushNotification */ = {
			isa = PBXNativeTarget;
			buildConfigurationList = D0E5B6CA19EE1347007DAF51 /* Build configuration list for PBXNativeTarget "testSwiftPushNotification" */;
			buildPhases = (
				D0E5B6A719EE1347007DAF51 /* Sources */,
				D0E5B6A819EE1347007DAF51 /* Frameworks */,
				D0E5B6A919EE1347007DAF51 /* Resources */,
			);
			buildRules = (
			);
			dependencies = (
			);
			name = testSwiftPushNotification;
			productName = testSwiftPushNotification;
			productReference = D0E5B6AB19EE1347007DAF51 /* testSwiftPushNotification.app */;
			productType = "com.apple.product-type.application";
		};
		D0E5B6BF19EE1347007DAF51 /* testSwiftPushNotificationTests */ = {
			isa = PBXNativeTarget;
			buildConfigurationList = D0E5B6CD19EE1347007DAF51 /* Build configuration list for PBXNativeTarget "testSwiftPushNotificationTests" */;
			buildPhases = (
				D0E5B6BC19EE1347007DAF51 /* Sources */,
				D0E5B6BD19EE1347007DAF51 /* Frameworks */,
				D0E5B6BE19EE1347007DAF51 /* Resources */,
			);
			buildRules = (
			);
			dependencies = (
				D0E5B6C219EE1347007DAF51 /* PBXTargetDependency */,
			);
			name = testSwiftPushNotificationTests;
			productName = testSwiftPushNotificationTests;
			productReference = D0E5B6C019EE1347007DAF51 /* testSwiftPushNotificationTests.xctest */;
			productType = "com.apple.product-type.bundle.unit-test";
		};
/* End PBXNativeTarget section */

/* Begin PBXProject section */
		D0E5B6A319EE1347007DAF51 /* Project object */ = {
			isa = PBXProject;
			attributes = {
				LastUpgradeCheck = 0600;
				ORGANIZATIONNAME = com.h2sync.h2syncapp2;
				TargetAttributes = {
					D0E5B6AA19EE1347007DAF51 = {
						CreatedOnToolsVersion = 6.0;
					};
					D0E5B6BF19EE1347007DAF51 = {
						CreatedOnToolsVersion = 6.0;
						TestTargetID = D0E5B6AA19EE1347007DAF51;
					};
				};
			};
			buildConfigurationList = D0E5B6A619EE1347007DAF51 /* Build configuration list for PBXProject "testSwiftPushNotification" */;
			compatibilityVersion = "Xcode 3.2";
			developmentRegion = English;
			hasScannedForEncodings = 0;
			knownRegions = (
				en,
				Base,
			);
			mainGroup = D0E5B6A219EE1347007DAF51;
			productRefGroup = D0E5B6AC19EE1347007DAF51 /* Products */;
			projectDirPath = "";
			projectRoot = "";
			targets = (
				D0E5B6AA19EE1347007DAF51 /* testSwiftPushNotification */,
				D0E5B6BF19EE1347007DAF51 /* testSwiftPushNotificationTests */,
			);
		};
/* End PBXProject section */

/* Begin PBXResourcesBuildPhase section */
		D0E5B6A919EE1347007DAF51 /* Resources */ = {
			isa = PBXResourcesBuildPhase;
			buildActionMask = 2147483647;
			files = (
				D0E5B6B619EE1347007DAF51 /* Main.storyboard in Resources */,
				D0E5B6BB19EE1347007DAF51 /* LaunchScreen.xib in Resources */,
				D0E5B6B819EE1347007DAF51 /* Images.xcassets in Resources */,
			);
			runOnlyForDeploymentPostprocessing = 0;
		};
		D0E5B6BE19EE1347007DAF51 /* Resources */ = {
			isa = PBXResourcesBuildPhase;
			buildActionMask = 2147483647;
			files = (
			);
			runOnlyForDeploymentPostprocessing = 0;
		};
/* End PBXResourcesBuildPhase section */

/* Begin PBXSourcesBuildPhase section */
		D0E5B6A719EE1347007DAF51 /* Sources */ = {
			isa = PBXSourcesBuildPhase;
			buildActionMask = 2147483647;
			files = (
				D0E5B6B319EE1347007DAF51 /* ViewController.swift in Sources */,
				D0E5B6B119EE1347007DAF51 /* AppDelegate.swift in Sources */,
			);
			runOnlyForDeploymentPostprocessing = 0;
		};
		D0E5B6BC19EE1347007DAF51 /* Sources */ = {
			isa = PBXSourcesBuildPhase;
			buildActionMask = 2147483647;
			files = (
				D0E5B6C719EE1347007DAF51 /* testSwiftPushNotificationTests.swift in Sources */,
			);
			runOnlyForDeploymentPostprocessing = 0;
		};
/* End PBXSourcesBuildPhase section */

/* Begin PBXTargetDependency section */
		D0E5B6C219EE1347007DAF51 /* PBXTargetDependency */ = {
			isa = PBXTargetDependency;
			target = D0E5B6AA19EE1347007DAF51 /* testSwiftPushNotification */;
			targetProxy = D0E5B6C119EE1347007DAF51 /* PBXContainerItemProxy */;
		};
/* End PBXTargetDependency section */

/* Begin PBXVariantGroup section */
		D0E5B6B419EE1347007DAF51 /* Main.storyboard */ = {
			isa = PBXVariantGroup;
			children = (
				D0E5B6B519EE1347007DAF51 /* Base */,
			);
			name = Main.storyboard;
			sourceTree = "<group>";
		};
		D0E5B6B919EE1347007DAF51 /* LaunchScreen.xib */ = {
			isa = PBXVariantGroup;
			children = (
				D0E5B6BA19EE1347007DAF51 /* Base */,
			);
			name = LaunchScreen.xib;
			sourceTree = "<group>";
		};
/* End PBXVariantGroup section */

/* Begin XCBuildConfiguration section */
		D0E5B6C819EE1347007DAF51 /* Debug */ = {
			isa = XCBuildConfiguration;
			buildSettings = {
				ALWAYS_SEARCH_USER_PATHS = NO;
				CLANG_CXX_LANGUAGE_STANDARD = "gnu++0x";
				CLANG_CXX_LIBRARY = "libc++";
				CLANG_ENABLE_MODULES = YES;
				CLANG_ENABLE_OBJC_ARC = YES;
				CLANG_WARN_BOOL_CONVERSION = YES;
				CLANG_WARN_CONSTANT_CONVERSION = YES;
				CLANG_WARN_DIRECT_OBJC_ISA_USAGE = YES_ERROR;
				CLANG_WARN_EMPTY_BODY = YES;
				CLANG_WARN_ENUM_CONVERSION = YES;
				CLANG_WARN_INT_CONVERSION = YES;
				CLANG_WARN_OBJC_ROOT_CLASS = YES_ERROR;
				CLANG_WARN_UNREACHABLE_CODE = YES;
				CLANG_WARN__DUPLICATE_METHOD_MATCH = YES;
				"CODE_SIGN_IDENTITY[sdk=iphoneos*]" = "iPhone Developer";
				COPY_PHASE_STRIP = NO;
				ENABLE_STRICT_OBJC_MSGSEND = YES;
				GCC_C_LANGUAGE_STANDARD = gnu99;
				GCC_DYNAMIC_NO_PIC = NO;
				GCC_OPTIMIZATION_LEVEL = 0;
				GCC_PREPROCESSOR_DEFINITIONS = (
					"DEBUG=1",
					"$(inherited)",
				);
				GCC_SYMBOLS_PRIVATE_EXTERN = NO;
				GCC_WARN_64_TO_32_BIT_CONVERSION = YES;
				GCC_WARN_ABOUT_RETURN_TYPE = YES_ERROR;
				GCC_WARN_UNDECLARED_SELECTOR = YES;
				GCC_WARN_UNINITIALIZED_AUTOS = YES_AGGRESSIVE;
				GCC_WARN_UNUSED_FUNCTION = YES;
				GCC_WARN_UNUSED_VARIABLE = YES;
				IPHONEOS_DEPLOYMENT_TARGET = 8.0;
				MTL_ENABLE_DEBUG_INFO = YES;
				ONLY_ACTIVE_ARCH = YES;
				SDKROOT = iphoneos;
				SWIFT_OPTIMIZATION_LEVEL = "-Onone";
			};
			name = Debug;
		};
		D0E5B6C919EE1347007DAF51 /* Release */ = {
			isa = XCBuildConfiguration;
			buildSettings = {
				ALWAYS_SEARCH_USER_PATHS = NO;
				CLANG_CXX_LANGUAGE_STANDARD = "gnu++0x";
				CLANG_CXX_LIBRARY = "libc++";
				CLANG_ENABLE_MODULES = YES;
				CLANG_ENABLE_OBJC_ARC = YES;
				CLANG_WARN_BOOL_CONVERSION = YES;
				CLANG_WARN_CONSTANT_CONVERSION = YES;
				CLANG_WARN_DIRECT_OBJC_ISA_USAGE = YES_ERROR;
				CLANG_WARN_EMPTY_BODY = YES;
				CLANG_WARN_ENUM_CONVERSION = YES;
				CLANG_WARN_INT_CONVERSION = YES;
				CLANG_WARN_OBJC_ROOT_CLASS = YES_ERROR;
				CLANG_WARN_UNREACHABLE_CODE = YES;
				CLANG_WARN__DUPLICATE_METHOD_MATCH = YES;
				"CODE_SIGN_IDENTITY[sdk=iphoneos*]" = "iPhone Developer";
				COPY_PHASE_STRIP = YES;
				ENABLE_NS_ASSERTIONS = NO;
				ENABLE_STRICT_OBJC_MSGSEND = YES;
				GCC_C_LANGUAGE_STANDARD = gnu99;
				GCC_WARN_64_TO_32_BIT_CONVERSION = YES;
				GCC_WARN_ABOUT_RETURN_TYPE = YES_ERROR;
				GCC_WARN_UNDECLARED_SELECTOR = YES;
				GCC_WARN_UNINITIALIZED_AUTOS = YES_AGGRESSIVE;
				GCC_WARN_UNUSED_FUNCTION = YES;
				GCC_WARN_UNUSED_VARIABLE = YES;
				IPHONEOS_DEPLOYMENT_TARGET = 8.0;
				MTL_ENABLE_DEBUG_INFO = NO;
				SDKROOT = iphoneos;
				VALIDATE_PRODUCT = YES;
			};
			name = Release;
		};
		D0E5B6CB19EE1347007DAF51 /* Debug */ = {
			isa = XCBuildConfiguration;
			buildSettings = {
				ASSETCATALOG_COMPILER_APPICON_NAME = AppIcon;
				INFOPLIST_FILE = testSwiftPushNotification/Info.plist;
				LD_RUNPATH_SEARCH_PATHS = "$(inherited) @executable_path/Frameworks";
				PRODUCT_NAME = "$(TARGET_NAME)";
			};
			name = Debug;
		};
		D0E5B6CC19EE1347007DAF51 /* Release */ = {
			isa = XCBuildConfiguration;
			buildSettings = {
				ASSETCATALOG_COMPILER_APPICON_NAME = AppIcon;
				INFOPLIST_FILE = testSwiftPushNotification/Info.plist;
				LD_RUNPATH_SEARCH_PATHS = "$(inherited) @executable_path/Frameworks";
				PRODUCT_NAME = "$(TARGET_NAME)";
			};
			name = Release;
		};
		D0E5B6CE19EE1347007DAF51 /* Debug */ = {
			isa = XCBuildConfiguration;
			buildSettings = {
				BUNDLE_LOADER = "$(TEST_HOST)";
				FRAMEWORK_SEARCH_PATHS = (
					"$(SDKROOT)/Developer/Library/Frameworks",
					"$(inherited)",
				);
				GCC_PREPROCESSOR_DEFINITIONS = (
					"DEBUG=1",
					"$(inherited)",
				);
				INFOPLIST_FILE = testSwiftPushNotificationTests/Info.plist;
				LD_RUNPATH_SEARCH_PATHS = "$(inherited) @executable_path/Frameworks @loader_path/Frameworks";
				PRODUCT_NAME = "$(TARGET_NAME)";
				TEST_HOST = "$(BUILT_PRODUCTS_DIR)/testSwiftPushNotification.app/testSwiftPushNotification";
			};
			name = Debug;
		};
		D0E5B6CF19EE1347007DAF51 /* Release */ = {
			isa = XCBuildConfiguration;
			buildSettings = {
				BUNDLE_LOADER = "$(TEST_HOST)";
				FRAMEWORK_SEARCH_PATHS = (
					"$(SDKROOT)/Developer/Library/Frameworks",
					"$(inherited)",
				);
				INFOPLIST_FILE = testSwiftPushNotificationTests/Info.plist;
				LD_RUNPATH_SEARCH_PATHS = "$(inherited) @executable_path/Frameworks @loader_path/Frameworks";
				PRODUCT_NAME = "$(TARGET_NAME)";
				TEST_HOST = "$(BUILT_PRODUCTS_DIR)/testSwiftPushNotification.app/testSwiftPushNotification";
			};
			name = Release;
		};
/* End XCBuildConfiguration section */

/* Begin XCConfigurationList section */
		D0E5B6A619EE1347007DAF51 /* Build configuration list for PBXProject "testSwiftPushNotification" */ = {
			isa = XCConfigurationList;
			buildConfigurations = (
				D0E5B6C819EE1347007DAF51 /* Debug */,
				D0E5B6C919EE1347007DAF51 /* Release */,
			);
			defaultConfigurationIsVisible = 0;
			defaultConfigurationName = Release;
		};
		D0E5B6CA19EE1347007DAF51 /* Build configuration list for PBXNativeTarget "testSwiftPushNotification" */ = {
			isa = XCConfigurationList;
			buildConfigurations = (
				D0E5B6CB19EE1347007DAF51 /* Debug */,
				D0E5B6CC19EE1347007DAF51 /* Release */,
			);
			defaultConfigurationIsVisible = 0;
		};
		D0E5B6CD19EE1347007DAF51 /* Build configuration list for PBXNativeTarget "testSwiftPushNotificationTests" */ = {
			isa = XCConfigurationList;
			buildConfigurations = (
				D0E5B6CE19EE1347007DAF51 /* Debug */,
				D0E5B6CF19EE1347007DAF51 /* Release */,
			);
			defaultConfigurationIsVisible = 0;
		};
/* End XCConfigurationList section */
	};
	rootObject = D0E5B6A319EE1347007DAF51 /* Project object */;
}
